
Microsoft Visual Studio Solution File, Format Version 12.00
# Visual Studio Version 16
VisualStudioVersion = 16.0.30804.86
MinimumVisualStudioVersion = 10.0.40219.1
Project("{FAE04EC0-301F-11D3-BF4B-00C04F79EFBC}") = "LMSProject", "LMSProject\LMSProject.csproj", "{6EF8F838-716D-49EC-A6BB-5FB8A6D46584}"
EndProject
Project("{FAE04EC0-301F-11D3-BF4B-00C04F79EFBC}") = "LMSProject.Core", "LMSProject.Core\LMSProject.Core.csproj", "{9CF0F092-7270-4538-B9F8-A42B117E489C}"
EndProject
Project("{FAE04EC0-301F-11D3-BF4B-00C04F79EFBC}") = "LMSProject.Data", "LMSProject.Data\LMSProject.Data.csproj", "{C0106027-2618-4AA6-9502-4AFC4021C1C5}"
EndProject
Global
	GlobalSection(SolutionConfigurationPlatforms) = preSolution
		Debug|Any CPU = Debug|Any CPU
		Release|Any CPU = Release|Any CPU
	EndGlobalSection
	GlobalSection(ProjectConfigurationPlatforms) = postSolution
		{6EF8F838-716D-49EC-A6BB-5FB8A6D46584}.Debug|Any CPU.ActiveCfg = Debug|Any CPU
		{6EF8F838-716D-49EC-A6BB-5FB8A6D46584}.Debug|Any CPU.Build.0 = Debug|Any CPU
		{6EF8F838-716D-49EC-A6BB-5FB8A6D46584}.Release|Any CPU.ActiveCfg = Release|Any CPU
		{6EF8F838-716D-49EC-A6BB-5FB8A6D46584}.Release|Any CPU.Build.0 = Release|Any CPU
		{9CF0F092-7270-4538-B9F8-A42B117E489C}.Debug|Any CPU.ActiveCfg = Debug|Any CPU
		{9CF0F092-7270-4538-B9F8-A42B117E489C}.Debug|Any CPU.Build.0 = Debug|Any CPU
		{9CF0F092-7270-4538-B9F8-A42B117E489C}.Release|Any CPU.ActiveCfg = Release|Any CPU
		{9CF0F092-7270-4538-B9F8-A42B117E489C}.Release|Any CPU.Build.0 = Release|Any CPU
		{C0106027-2618-4AA6-9502-4AFC4021C1C5}.Debug|Any CPU.ActiveCfg = Debug|Any CPU
		{C0106027-2618-4AA6-9502-4AFC4021C1C5}.Debug|Any CPU.Build.0 = Debug|Any CPU
		{C0106027-2618-4AA6-9502-4AFC4021C1C5}.Release|Any CPU.ActiveCfg = Release|Any CPU
		{C0106027-2618-4AA6-9502-4AFC4021C1C5}.Release|Any CPU.Build.0 = Release|Any CPU
	EndGlobalSection
	GlobalSection(SolutionProperties) = preSolution
		HideSolutionNode = FALSE
	EndGlobalSection
	GlobalSection(ExtensibilityGlobals) = postSolution
		SolutionGuid = {49C0580D-D432-4EEA-8C0D-1200A15A32CE}
	EndGlobalSection
EndGlobal
